
Microsoft Visual Studio Solution File, Format Version 12.00
# Visual Studio Version 16
VisualStudioVersion = 16.0.31205.134
MinimumVisualStudioVersion = 10.0.40219.1
Project("{FAE04EC0-301F-11D3-BF4B-00C04F79EFBC}") = "CarRentalManagement.Server", "Server\CarRentalManagement.Server.csproj", "{1AA50573-21EE-4D2F-B246-1016E51B797B}"
EndProject
Project("{FAE04EC0-301F-11D3-BF4B-00C04F79EFBC}") = "CarRentalManagement.Client", "Client\CarRentalManagement.Client.csproj", "{D617BE41-021F-4C99-9351-01B7DF1BD22B}"
EndProject
Project("{FAE04EC0-301F-11D3-BF4B-00C04F79EFBC}") = "CarRentalManagement.Shared", "Shared\CarRentalManagement.Shared.csproj", "{ED37D94C-3C05-44E0-BDDB-B7AC7FE3E75E}"
EndProject
Global
	GlobalSection(SolutionConfigurationPlatforms) = preSolution
		Debug|Any CPU = Debug|Any CPU
		Release|Any CPU = Release|Any CPU
	EndGlobalSection
	GlobalSection(ProjectConfigurationPlatforms) = postSolution
		{1AA50573-21EE-4D2F-B246-1016E51B797B}.Debug|Any CPU.ActiveCfg = Debug|Any CPU
		{1AA50573-21EE-4D2F-B246-1016E51B797B}.Debug|Any CPU.Build.0 = Debug|Any CPU
		{1AA50573-21EE-4D2F-B246-1016E51B797B}.Release|Any CPU.ActiveCfg = Release|Any CPU
		{1AA50573-21EE-4D2F-B246-1016E51B797B}.Release|Any CPU.Build.0 = Release|Any CPU
		{D617BE41-021F-4C99-9351-01B7DF1BD22B}.Debug|Any CPU.ActiveCfg = Debug|Any CPU
		{D617BE41-021F-4C99-9351-01B7DF1BD22B}.Debug|Any CPU.Build.0 = Debug|Any CPU
		{D617BE41-021F-4C99-9351-01B7DF1BD22B}.Release|Any CPU.ActiveCfg = Release|Any CPU
		{D617BE41-021F-4C99-9351-01B7DF1BD22B}.Release|Any CPU.Build.0 = Release|Any CPU
		{ED37D94C-3C05-44E0-BDDB-B7AC7FE3E75E}.Debug|Any CPU.ActiveCfg = Debug|Any CPU
		{ED37D94C-3C05-44E0-BDDB-B7AC7FE3E75E}.Debug|Any CPU.Build.0 = Debug|Any CPU
		{ED37D94C-3C05-44E0-BDDB-B7AC7FE3E75E}.Release|Any CPU.ActiveCfg = Release|Any CPU
		{ED37D94C-3C05-44E0-BDDB-B7AC7FE3E75E}.Release|Any CPU.Build.0 = Release|Any CPU
	EndGlobalSection
	GlobalSection(SolutionProperties) = preSolution
		HideSolutionNode = FALSE
	EndGlobalSection
	GlobalSection(ExtensibilityGlobals) = postSolution
		SolutionGuid = {D861C6A5-D157-46E4-9400-932A37157629}
	EndGlobalSection
EndGlobal
